#MicroXplorer Configuration settings - do not modify
Mcu.Family=STM32G0
RCC.LPUART2Freq_Value=64000000
PC3.Mode=FDCAN_Activate
ProjectManager.MainLocation=Core/Src
PA6.Mode=Full_Duplex_Master
PA11\ [PA9].Mode=Device
USB_DEVICE.CLASS_NAME_FS=CDC
RCC.USART1Freq_Value=64000000
VP_SYS_VS_tim6.Mode=TIM6
RCC.CortexFreq_Value=64000000
I2C1.I2C_Speed_Mode=I2C_Standard
ProjectManager.KeepUserCode=true
Mcu.UserName=STM32G0B1RCTx
SPI1.VirtualType=VM_MASTER
PA12\ [PA10].Mode=Device
VP_IWDG_VS_IWDG.Mode=IWDG_Activate
PA14-BOOT0.Mode=Serial_Wire
ProjectManager.functionlistsort=1-MX_GPIO_Init-GPIO-false-HAL-true,2-SystemClock_Config-RCC-false-HAL-false,3-MX_FDCAN1_Init-FDCAN1-false-HAL-true,4-MX_FDCAN2_Init-FDCAN2-false-HAL-true,5-MX_I2C1_Init-I2C1-false-HAL-true,6-MX_SPI1_Init-SPI1-false-HAL-true,7-MX_USART1_UART_Init-USART1-false-HAL-true,8-MX_USB_Device_Init-USB_DEVICE-false-HAL-false
PC9.Locked=true
PD6.Locked=true
RCC.USART2Freq_Value=64000000
PD0.Locked=true
PD2.Locked=true
PD4.Locked=true
NVIC.SVC_IRQn=true\:0\:0\:false\:false\:false\:false\:false\:false
PC5.Mode=FDCAN_Activate
USART1.IPParameters=VirtualMode-Asynchronous
PinOutPanel.RotationAngle=0
PF0-OSC_IN\ (PF0).Signal=RCC_OSC_IN
RCC.MCO1PinFreq_Value=64000000
RCC.SYSCLKSource=RCC_SYSCLKSOURCE_PLLCLK
ProjectManager.StackSize=0x1000
VP_FREERTOS_VS_CMSIS_V2.Mode=CMSIS_V2
NVIC.I2C1_IRQn=true\:3\:0\:false\:false\:true\:true\:true\:true
RCC.LPTIM1Freq_Value=64000000
Mcu.IP4=IWDG
Mcu.IP5=NVIC
RCC.FCLKCortexFreq_Value=64000000
Mcu.IP2=FREERTOS
I2C1.IPParameters=Timing,I2C_Speed_Mode
Mcu.IP3=I2C1
Mcu.IP0=FDCAN1
Mcu.IP1=FDCAN2
Mcu.UserConstants=
PA4.Mode=NSS_Signal_Hard_Output
Mcu.ThirdPartyNb=0
SPI1.Direction=SPI_DIRECTION_2LINES
RCC.HCLKFreq_Value=64000000
PA12\ [PA10].Signal=USB_DP
Mcu.IPNb=12
ProjectManager.PreviousToolchain=STM32CubeIDE
PD4.Signal=GPIO_Output
PB6.Signal=USART1_TX
PB6.Mode=Asynchronous
SPI1.CalculateBaudRate=32.0 MBits/s
PC3.Signal=FDCAN2_TX
Mcu.Pin6=PA6
PD0.Signal=GPIO_Output
NVIC.TIM6_DAC_LPTIM1_IRQn=true\:0\:0\:false\:false\:true\:false\:false\:true
Mcu.Pin7=PA7
Mcu.Pin8=PC4
Mcu.Pin9=PC5
FREERTOS.IPParameters=Tasks01,configMINIMAL_STACK_SIZE,configTOTAL_HEAP_SIZE,configCHECK_FOR_STACK_OVERFLOW,configUSE_NEWLIB_REENTRANT
FREERTOS.configMINIMAL_STACK_SIZE=256
RCC.AHBFreq_Value=64000000
Mcu.Pin0=PF0-OSC_IN (PF0)
Mcu.Pin1=PF1-OSC_OUT (PF1)
PA14-BOOT0.Signal=SYS_SWCLK
Mcu.Pin2=PC2
Mcu.Pin3=PC3
RCC.USART3Freq_Value=64000000
Mcu.Pin4=PA4
Mcu.Pin5=PA5
ProjectManager.ProjectBuild=false
RCC.HSE_VALUE=8000000
PA4.Locked=true
Mcu.IP10=USB_DEVICE
NVIC.SysTick_IRQn=true\:3\:0\:false\:false\:false\:true\:false\:true
Mcu.IP11=USB_DRD_FS
ProjectManager.FirmwarePackage=STM32Cube FW_G0 V1.4.1
MxDb.Version=DB.6.0.20
ProjectManager.BackupPrevious=false
RCC.VCOInputFreq_Value=16000000
File.Version=6
VP_SYS_VS_DBSignals.Mode=DisableDeadBatterySignals
PB7.Signal=USART1_RX
RCC.PLLRCLKFreq_Value=64000000
SPI1.VirtualNSS=VM_NSSHARD
PB6.Locked=true
NVIC.PendSV_IRQn=true\:3\:0\:false\:false\:false\:true\:false\:false
PF1-OSC_OUT\ (PF1).Mode=HSE-External-Oscillator
ProjectManager.HalAssertFull=false
FREERTOS.configTOTAL_HEAP_SIZE=65535
ProjectManager.ProjectName=Selex_Battery_Module
RCC.TIM1Freq_Value=64000000
RCC.MCO2PinFreq_Value=64000000
Mcu.Package=LQFP64
PA6.Signal=SPI1_MISO
RCC.TIM15Freq_Value=64000000
FREERTOS.configUSE_NEWLIB_REENTRANT=1
PA7.Locked=true
PA5.Locked=true
NVIC.TimeBase=TIM6_DAC_LPTIM1_IRQn
RCC.I2S2Freq_Value=64000000
RCC.APBFreq_Value=64000000
ProjectManager.ToolChainLocation=
RCC.LSI_VALUE=32000
NVIC.TimeBaseIP=TIM6
RCC.LSCOPinFreq_Value=32000
PA10.Signal=I2C1_SDA
VP_USB_DEVICE_VS_USB_DEVICE_CDC_FS.Signal=USB_DEVICE_VS_USB_DEVICE_CDC_FS
RCC.PLLPoutputFreq_Value=64000000
RCC.CECFreq_Value=32786.88524590164
RCC.LPUART1Freq_Value=64000000
PC5.Signal=FDCAN1_TX
NVIC.USART1_IRQn=true\:3\:0\:false\:false\:true\:true\:true\:true
PD6.Signal=GPIO_Output
PD5.Locked=true
ProjectManager.CustomerFirmwarePackage=
PC4.Mode=FDCAN_Activate
RCC.HSI48_VALUE=48000000
PB3.Locked=true
PB4.Signal=GPIO_Output
PA5.Mode=Full_Duplex_Master
RCC.PLLQoutputFreq_Value=64000000
ProjectManager.ProjectFileName=Selex_Battery_Module.ioc
FREERTOS.Tasks01=defaultTask,24,256,StartDefaultTask,Default,NULL,Dynamic,NULL,NULL
PA7.Mode=Full_Duplex_Master
PA10.Mode=I2C
Mcu.PinsNb=34
ProjectManager.NoMain=false
SPI1.IPParameters=VirtualType,Mode,Direction,CalculateBaudRate,VirtualNSS
USB_DEVICE.VirtualModeFS=Cdc_FS
NVIC.SavedSvcallIrqHandlerGenerated=true
FREERTOS.configCHECK_FOR_STACK_OVERFLOW=1
PD3.Signal=GPIO_Output
PC4.Signal=FDCAN1_RX
PC2.Signal=FDCAN2_RX
PD1.Signal=GPIO_Output
RCC.EXTERNAL_CLOCK_VALUE=48000
ProjectManager.DefaultFWLocation=true
PC2.Mode=FDCAN_Activate
PD5.Signal=GPIO_Output
ProjectManager.DeletePrevious=true
USB_DEVICE.IPParameters=VirtualMode,VirtualModeFS,CLASS_NAME_FS
RCC.FamilyName=M
PF0-OSC_IN\ (PF0).Mode=HSE-External-Oscillator
USART1.VirtualMode-Asynchronous=VM_ASYNC
PA13.Signal=SYS_SWDIO
PA9.Mode=I2C
ProjectManager.TargetToolchain=STM32CubeIDE
VP_USB_DEVICE_VS_USB_DEVICE_CDC_FS.Mode=CDC_FS
PA9.Signal=I2C1_SCL
I2C1.Timing=0x10707DBC
RCC.I2S1Freq_Value=64000000
PB5.Locked=true
ProjectManager.RegisterCallBack=
RCC.USBFreq_Value=48000000
RCC.LSE_VALUE=32768
PD3.Locked=true
PA5.Signal=SPI1_SCK
board=custom
RCC.VCOOutputFreq_Value=128000000
ProjectManager.LastFirmware=true
VP_SYS_VS_tim6.Signal=SYS_VS_tim6
NVIC.SavedSystickIrqHandlerGenerated=true
MxCube.Version=6.2.0
RCC.I2C1Freq_Value=64000000
SPI1.Mode=SPI_MODE_MASTER
VP_SYS_VS_DBSignals.Signal=SYS_VS_DBSignals
RCC.FDCANFreq_Value=64000000
Mcu.Pin30=VP_IWDG_VS_IWDG
RCC.ADCFreq_Value=64000000
Mcu.Pin33=VP_USB_DEVICE_VS_USB_DEVICE_CDC_FS
Mcu.Pin31=VP_SYS_VS_tim6
Mcu.Pin32=VP_SYS_VS_DBSignals
NVIC.NonMaskableInt_IRQn=true\:0\:0\:false\:false\:true\:false\:false\:false
PA13.Mode=Serial_Wire
ProjectManager.FreePins=false
RCC.IPParameters=ADCFreq_Value,AHBFreq_Value,APBFreq_Value,APBTimFreq_Value,CECFreq_Value,CortexFreq_Value,EXTERNAL_CLOCK_VALUE,FCLKCortexFreq_Value,FDCANFreq_Value,FamilyName,HCLKFreq_Value,HSE_VALUE,HSI48_VALUE,HSI_VALUE,I2C1Freq_Value,I2C2Freq_Value,I2S1Freq_Value,I2S2Freq_Value,LPTIM1Freq_Value,LPTIM2Freq_Value,LPUART1Freq_Value,LPUART2Freq_Value,LSCOPinFreq_Value,LSE_VALUE,LSI_VALUE,MCO1PinFreq_Value,MCO2PinFreq_Value,PLLPoutputFreq_Value,PLLQoutputFreq_Value,PLLRCLKFreq_Value,PWRFreq_Value,SYSCLKFreq_VALUE,SYSCLKSource,TIM15Freq_Value,TIM1Freq_Value,USART1Freq_Value,USART2Freq_Value,USART3Freq_Value,USBFreq_Value,VCOInputFreq_Value,VCOOutputFreq_Value
IWDG.IPParameters=Prescaler
ProjectManager.AskForMigrate=true
PA11\ [PA9].Signal=USB_DM
Mcu.Name=STM32G0B1R(B-C-E)Tx
RCC.LPTIM2Freq_Value=64000000
Mcu.Pin26=PB5
Mcu.Pin27=PB6
NVIC.SavedPendsvIrqHandlerGenerated=true
Mcu.Pin24=PB3
ProjectManager.UnderRoot=true
Mcu.Pin25=PB4
Mcu.IP8=SYS
VP_FREERTOS_VS_CMSIS_V2.Signal=FREERTOS_VS_CMSIS_V2
Mcu.IP9=USART1
Mcu.Pin28=PB7
Mcu.IP6=RCC
Mcu.Pin29=VP_FREERTOS_VS_CMSIS_V2
Mcu.IP7=SPI1
ProjectManager.CoupleFile=false
NVIC.USB_UCPD1_2_IRQn=true\:3\:0\:false\:false\:true\:true\:true\:true
PB4.Locked=true
PB3.Signal=GPIO_Output
PA4.Signal=SPI1_NSS
RCC.APBTimFreq_Value=64000000
RCC.SYSCLKFreq_VALUE=64000000
Mcu.Pin22=PD5
PB5.Signal=GPIO_Output
Mcu.Pin23=PD6
Mcu.Pin20=PD3
Mcu.Pin21=PD4
PF1-OSC_OUT\ (PF1).Signal=RCC_OSC_OUT
NVIC.ForceEnableDMAVector=true
KeepUserPlacement=false
ProjectManager.CompilerOptimize=6
PB7.Mode=Asynchronous
VP_IWDG_VS_IWDG.Signal=IWDG_VS_IWDG
ProjectManager.HeapSize=0x1000
Mcu.Pin15=PA14-BOOT0
NVIC.HardFault_IRQn=true\:0\:0\:false\:false\:true\:false\:false\:false
Mcu.Pin16=PC9
Mcu.Pin13=PA12 [PA10]
Mcu.Pin14=PA13
Mcu.Pin19=PD2
ProjectManager.ComputerToolchain=false
Mcu.Pin17=PD0
RCC.HSI_VALUE=16000000
Mcu.Pin18=PD1
Mcu.Pin11=PA10
Mcu.Pin12=PA11 [PA9]
Mcu.Pin10=PA9
IWDG.Prescaler=IWDG_PRESCALER_16
PB7.Locked=true
RCC.PWRFreq_Value=64000000
PC9.Signal=GPIO_Output
PD2.Signal=GPIO_Output
RCC.I2C2Freq_Value=64000000
PD1.Locked=true
USB_DEVICE.VirtualMode=Cdc
ProjectManager.DeviceId=STM32G0B1RCTx
ProjectManager.LibraryCopy=1
PA7.Signal=SPI1_MOSI
PA6.Locked=true
isbadioc=false
